id: ale_encode_ff
label: Encode ff
category: '[ALE]/Coding'

parameters:
-   id: freq
    label: Frequency
    dtype: int
    default: '0'
-   id: wdir
    label: Wav Dir
    dtype: string
-   id: wsec
    label: Wav Secs
    dtype: int
    default: '0'

outputs:
-   domain: stream
    dtype: float

templates:
    imports: import ale
    make: ale.encode_ff(${freq},${wdir},${wsec})

file_format: 1
