# auto-generated by grc.converter

id: ale_decode_ff
label: Decode ff
category: ALE

parameters:
-   id: freq
    label: Frequency
    dtype: int
    default: '0'
-   id: wdir
    label: Wav Dir
    dtype: string
-   id: wsec
    label: Wav Secs
    dtype: int
    default: '0'

inputs:
-   domain: stream
    dtype: float

templates:
    imports: import gnuradio.ale
    make: gnuradio.ale.decode_ff(${freq},${wdir},${wsec})

file_format: 1
