id: ale_decode_ff
label: Decode ff
category: '[ALE]/Coding'

parameters:
-   id: freq
    label: Frequency
    dtype: int
    default: '0'
-   id: wdir
    label: Wav Dir
    dtype: string
-   id: wsec
    label: Wav Secs
    dtype: int
    default: '0'

inputs:
-   domain: stream
    dtype: float

outputs:
  - label: Data Port
    domain: message
    id: data_port
    dtype: uint8

templates:
    imports: import gnuradio.ale
    make: gnuradio.ale.decode_ff.make(${freq},${wdir},${wsec})

file_format: 1
